<?xml version="1.0" encoding="UTF-8" standalone="yes" ?>
<CodeBlocks_project_file>
	<FileVersion major="1" minor="6" />
	<Project>
		<Option title="comp1" />
		<Option pch_mode="2" />
		<Option compiler="gcc" />
		<Build>
			<Target title="Debug">
				<Option output="bin/Debug/comp1" prefix_auto="1" extension_auto="1" />
				<Option object_output="obj/Debug/" />
				<Option type="1" />
				<Option compiler="gcc" />
				<Compiler>
					<Add option="-g" />
				</Compiler>
			</Target>
			<Target title="Release">
				<Option output="bin/Release/comp1" prefix_auto="1" extension_auto="1" />
				<Option object_output="obj/Release/" />
				<Option type="1" />
				<Option compiler="gcc" />
				<Compiler>
					<Add option="-O2" />
				</Compiler>
				<Linker>
					<Add option="-s" />
				</Linker>
			</Target>
		</Build>
		<Compiler>
			<Add option="-Wall" />
			<Add option="-std=c99" />
		</Compiler>
		<Unit filename="C:/Users/Vivek/Desktop/vf1/2015A7PS0108P/ast.c">
			<Option compilerVar="CC" />
		</Unit>
		<Unit filename="C:/Users/Vivek/Desktop/vf1/2015A7PS0108P/ast.h" />
		<Unit filename="C:/Users/Vivek/Desktop/vf1/2015A7PS0108P/astDef.h" />
		<Unit filename="C:/Users/Vivek/Desktop/vf1/2015A7PS0108P/driver.c">
			<Option compilerVar="CC" />
		</Unit>
		<Unit filename="C:/Users/Vivek/Desktop/vf1/2015A7PS0108P/lexer.c">
			<Option compilerVar="CC" />
		</Unit>
		<Unit filename="C:/Users/Vivek/Desktop/vf1/2015A7PS0108P/lexer.h" />
		<Unit filename="C:/Users/Vivek/Desktop/vf1/2015A7PS0108P/lexerDef.h" />
		<Unit filename="C:/Users/Vivek/Desktop/vf1/2015A7PS0108P/parser.c">
			<Option compilerVar="CC" />
		</Unit>
		<Unit filename="C:/Users/Vivek/Desktop/vf1/2015A7PS0108P/parser.h" />
		<Unit filename="C:/Users/Vivek/Desktop/vf1/2015A7PS0108P/parserDef.h" />
		<Unit filename="C:/Users/Vivek/Desktop/vf1/2015A7PS0108P/symbolTable.c">
			<Option compilerVar="CC" />
		</Unit>
		<Unit filename="C:/Users/Vivek/Desktop/vf1/2015A7PS0108P/symbolTable.h" />
		<Unit filename="C:/Users/Vivek/Desktop/vf1/2015A7PS0108P/symbolTableDef.h" />
		<Unit filename="C:/Users/Vivek/Desktop/vf1/2015A7PS0108P/typeChecker.c">
			<Option compilerVar="CC" />
		</Unit>
		<Unit filename="C:/Users/Vivek/Desktop/vf1/2015A7PS0108P/typeChecker.h" />
		<Unit filename="C:/Users/Vivek/Desktop/vf1/2015A7PS0108P/typeCheckerDef.h" />
		<Extensions>
			<code_completion />
			<envvars />
			<debugger />
			<lib_finder disable_auto="1" />
		</Extensions>
	</Project>
</CodeBlocks_project_file>
